
Microsoft Visual Studio Solution File, Format Version 12.00
# Visual Studio Version 16
VisualStudioVersion = 16.0.30523.141
MinimumVisualStudioVersion = 10.0.40219.1
Project("{FAE04EC0-301F-11D3-BF4B-00C04F79EFBC}") = "test2.5", "test2.5\test2.5.csproj", "{CEE2BB09-5D79-4943-A62A-D65C6365AB93}"
EndProject
Global
	GlobalSection(SolutionConfigurationPlatforms) = preSolution
		Debug|Any CPU = Debug|Any CPU
		Release|Any CPU = Release|Any CPU
	EndGlobalSection
	GlobalSection(ProjectConfigurationPlatforms) = postSolution
		{CEE2BB09-5D79-4943-A62A-D65C6365AB93}.Debug|Any CPU.ActiveCfg = Debug|Any CPU
		{CEE2BB09-5D79-4943-A62A-D65C6365AB93}.Debug|Any CPU.Build.0 = Debug|Any CPU
		{CEE2BB09-5D79-4943-A62A-D65C6365AB93}.Release|Any CPU.ActiveCfg = Release|Any CPU
		{CEE2BB09-5D79-4943-A62A-D65C6365AB93}.Release|Any CPU.Build.0 = Release|Any CPU
	EndGlobalSection
	GlobalSection(SolutionProperties) = preSolution
		HideSolutionNode = FALSE
	EndGlobalSection
	GlobalSection(ExtensibilityGlobals) = postSolution
		SolutionGuid = {BD3B33B9-8E88-49B9-8248-A690D47D7050}
	EndGlobalSection
EndGlobal
